
Microsoft Visual Studio Solution File, Format Version 12.00
# Visual Studio Version 17
VisualStudioVersion = 17.1.32328.378
MinimumVisualStudioVersion = 10.0.40219.1
Project("{9A19103F-16F7-4668-BE54-9A1E7A4F7556}") = "API", "API\API.csproj", "{47DDF387-6353-46A0-AC69-8F3EEB548B33}"
EndProject
Project("{9A19103F-16F7-4668-BE54-9A1E7A4F7556}") = "BLL", "BLL\BLL.csproj", "{8B1E5355-A9E7-4354-A75E-18BAB697656A}"
EndProject
Project("{9A19103F-16F7-4668-BE54-9A1E7A4F7556}") = "CORE", "CORE\CORE.csproj", "{ED47B76D-61A2-49CB-A407-9C5F9EBCFA74}"
EndProject
Project("{9A19103F-16F7-4668-BE54-9A1E7A4F7556}") = "UniversityProfUnit", "UniversityProfUnit\UniversityProfUnit.csproj", "{211D62D8-3CD7-4976-B98E-5543345297A0}"
EndProject
Global
	GlobalSection(SolutionConfigurationPlatforms) = preSolution
		Debug|Any CPU = Debug|Any CPU
		Release|Any CPU = Release|Any CPU
	EndGlobalSection
	GlobalSection(ProjectConfigurationPlatforms) = postSolution
		{47DDF387-6353-46A0-AC69-8F3EEB548B33}.Debug|Any CPU.ActiveCfg = Debug|Any CPU
		{47DDF387-6353-46A0-AC69-8F3EEB548B33}.Debug|Any CPU.Build.0 = Debug|Any CPU
		{47DDF387-6353-46A0-AC69-8F3EEB548B33}.Release|Any CPU.ActiveCfg = Release|Any CPU
		{47DDF387-6353-46A0-AC69-8F3EEB548B33}.Release|Any CPU.Build.0 = Release|Any CPU
		{8B1E5355-A9E7-4354-A75E-18BAB697656A}.Debug|Any CPU.ActiveCfg = Debug|Any CPU
		{8B1E5355-A9E7-4354-A75E-18BAB697656A}.Debug|Any CPU.Build.0 = Debug|Any CPU
		{8B1E5355-A9E7-4354-A75E-18BAB697656A}.Release|Any CPU.ActiveCfg = Release|Any CPU
		{8B1E5355-A9E7-4354-A75E-18BAB697656A}.Release|Any CPU.Build.0 = Release|Any CPU
		{ED47B76D-61A2-49CB-A407-9C5F9EBCFA74}.Debug|Any CPU.ActiveCfg = Debug|Any CPU
		{ED47B76D-61A2-49CB-A407-9C5F9EBCFA74}.Debug|Any CPU.Build.0 = Debug|Any CPU
		{ED47B76D-61A2-49CB-A407-9C5F9EBCFA74}.Release|Any CPU.ActiveCfg = Release|Any CPU
		{ED47B76D-61A2-49CB-A407-9C5F9EBCFA74}.Release|Any CPU.Build.0 = Release|Any CPU
		{211D62D8-3CD7-4976-B98E-5543345297A0}.Debug|Any CPU.ActiveCfg = Debug|Any CPU
		{211D62D8-3CD7-4976-B98E-5543345297A0}.Debug|Any CPU.Build.0 = Debug|Any CPU
		{211D62D8-3CD7-4976-B98E-5543345297A0}.Release|Any CPU.ActiveCfg = Release|Any CPU
		{211D62D8-3CD7-4976-B98E-5543345297A0}.Release|Any CPU.Build.0 = Release|Any CPU
	EndGlobalSection
	GlobalSection(SolutionProperties) = preSolution
		HideSolutionNode = FALSE
	EndGlobalSection
	GlobalSection(ExtensibilityGlobals) = postSolution
		SolutionGuid = {6E46E03F-BA4E-4C64-A01B-854B5CD73D63}
	EndGlobalSection
	GlobalSection(TeamFoundationVersionControl) = preSolution
		SccNumberOfProjects = 5
		SccEnterpriseProvider = {4CA58AB2-18FA-4F8D-95D4-32DDF27D184C}
		SccTeamFoundationServer = https://dev.azure.com/meskits
		SccLocalPath0 = .
		SccProjectUniqueName1 = API\\API.csproj
		SccProjectName1 = API
		SccLocalPath1 = API
		SccProjectUniqueName2 = BLL\\BLL.csproj
		SccProjectName2 = BLL
		SccLocalPath2 = BLL
		SccProjectUniqueName3 = CORE\\CORE.csproj
		SccProjectName3 = CORE
		SccLocalPath3 = CORE
		SccProjectUniqueName4 = UniversityProfUnit\\UniversityProfUnit.csproj
		SccProjectName4 = UniversityProfUnit
		SccLocalPath4 = UniversityProfUnit
	EndGlobalSection
EndGlobal
